
Microsoft Visual Studio Solution File, Format Version 12.00
# Visual Studio Version 17
VisualStudioVersion = 17.14.36623.8
MinimumVisualStudioVersion = 10.0.40219.1
Project("{FAE04EC0-301F-11D3-BF4B-00C04F79EFBC}") = "ReadingDiary.Web", "ReadingDiary.Web\ReadingDiary.Web.csproj", "{282FFA86-39CD-47B4-96DD-FD8DC44C605C}"
EndProject
Project("{FAE04EC0-301F-11D3-BF4B-00C04F79EFBC}") = "ReadingDiary.Domain", "ReadingDiary.Domain\ReadingDiary.Domain.csproj", "{3539CA0E-ACC7-45D4-BA61-655551E9B147}"
EndProject
Project("{FAE04EC0-301F-11D3-BF4B-00C04F79EFBC}") = "ReadingDiary.Application", "ReadingDiary.Application\ReadingDiary.Application.csproj", "{E3011B7F-A5FC-4B4A-9FD6-D503C6255E34}"
EndProject
Project("{FAE04EC0-301F-11D3-BF4B-00C04F79EFBC}") = "ReadingDiary.Infrastructure", "ReadingDiary.Infrastructure\ReadingDiary.Infrastructure.csproj", "{30E8D280-FBA2-40D3-BADD-F1862DCA7C4F}"
EndProject
Global
	GlobalSection(SolutionConfigurationPlatforms) = preSolution
		Debug|Any CPU = Debug|Any CPU
		Release|Any CPU = Release|Any CPU
	EndGlobalSection
	GlobalSection(ProjectConfigurationPlatforms) = postSolution
		{282FFA86-39CD-47B4-96DD-FD8DC44C605C}.Debug|Any CPU.ActiveCfg = Debug|Any CPU
		{282FFA86-39CD-47B4-96DD-FD8DC44C605C}.Debug|Any CPU.Build.0 = Debug|Any CPU
		{282FFA86-39CD-47B4-96DD-FD8DC44C605C}.Release|Any CPU.ActiveCfg = Release|Any CPU
		{282FFA86-39CD-47B4-96DD-FD8DC44C605C}.Release|Any CPU.Build.0 = Release|Any CPU
		{3539CA0E-ACC7-45D4-BA61-655551E9B147}.Debug|Any CPU.ActiveCfg = Debug|Any CPU
		{3539CA0E-ACC7-45D4-BA61-655551E9B147}.Debug|Any CPU.Build.0 = Debug|Any CPU
		{3539CA0E-ACC7-45D4-BA61-655551E9B147}.Release|Any CPU.ActiveCfg = Release|Any CPU
		{3539CA0E-ACC7-45D4-BA61-655551E9B147}.Release|Any CPU.Build.0 = Release|Any CPU
		{E3011B7F-A5FC-4B4A-9FD6-D503C6255E34}.Debug|Any CPU.ActiveCfg = Debug|Any CPU
		{E3011B7F-A5FC-4B4A-9FD6-D503C6255E34}.Debug|Any CPU.Build.0 = Debug|Any CPU
		{E3011B7F-A5FC-4B4A-9FD6-D503C6255E34}.Release|Any CPU.ActiveCfg = Release|Any CPU
		{E3011B7F-A5FC-4B4A-9FD6-D503C6255E34}.Release|Any CPU.Build.0 = Release|Any CPU
		{30E8D280-FBA2-40D3-BADD-F1862DCA7C4F}.Debug|Any CPU.ActiveCfg = Debug|Any CPU
		{30E8D280-FBA2-40D3-BADD-F1862DCA7C4F}.Debug|Any CPU.Build.0 = Debug|Any CPU
		{30E8D280-FBA2-40D3-BADD-F1862DCA7C4F}.Release|Any CPU.ActiveCfg = Release|Any CPU
		{30E8D280-FBA2-40D3-BADD-F1862DCA7C4F}.Release|Any CPU.Build.0 = Release|Any CPU
	EndGlobalSection
	GlobalSection(SolutionProperties) = preSolution
		HideSolutionNode = FALSE
	EndGlobalSection
	GlobalSection(ExtensibilityGlobals) = postSolution
		SolutionGuid = {81797281-5109-4743-B0E8-97D7F1A19EB5}
	EndGlobalSection
EndGlobal
